
Microsoft Visual Studio Solution File, Format Version 12.00
Project("{FAE04EC0-301F-11D3-BF4B-00C04F79EFBC}") = "Misaka.Hitokoto.VPet", "Misaka.Hitokoto.VPet\Misaka.Hitokoto.VPet.csproj", "{BBC5C6CB-DBCD-42FC-BC84-F8D7FC4FC197}"
EndProject
Global
	GlobalSection(SolutionConfigurationPlatforms) = preSolution
		Debug|Any CPU = Debug|Any CPU
		Release|Any CPU = Release|Any CPU
	EndGlobalSection
	GlobalSection(ProjectConfigurationPlatforms) = postSolution
		{BBC5C6CB-DBCD-42FC-BC84-F8D7FC4FC197}.Release|Any CPU.ActiveCfg = Release|Any CPU
		{BBC5C6CB-DBCD-42FC-BC84-F8D7FC4FC197}.Release|Any CPU.Build.0 = Release|Any CPU
		{BBC5C6CB-DBCD-42FC-BC84-F8D7FC4FC197}.Debug|Any CPU.ActiveCfg = Debug|Any CPU
		{BBC5C6CB-DBCD-42FC-BC84-F8D7FC4FC197}.Debug|Any CPU.Build.0 = Debug|Any CPU
	EndGlobalSection
EndGlobal
